
Microsoft Visual Studio Solution File, Format Version 12.00
# Visual Studio Version 16
VisualStudioVersion = 16.0.31729.503
MinimumVisualStudioVersion = 10.0.40219.1
Project("{9A19103F-16F7-4668-BE54-9A1E7A4F7556}") = "MVC", "MVC.csproj", "{9CC9A5E6-337E-4CA9-A250-ED9BE63A54C1}"
EndProject
Global
	GlobalSection(SolutionConfigurationPlatforms) = preSolution
		Debug|Any CPU = Debug|Any CPU
		Release|Any CPU = Release|Any CPU
	EndGlobalSection
	GlobalSection(ProjectConfigurationPlatforms) = postSolution
		{9CC9A5E6-337E-4CA9-A250-ED9BE63A54C1}.Debug|Any CPU.ActiveCfg = Debug|Any CPU
		{9CC9A5E6-337E-4CA9-A250-ED9BE63A54C1}.Debug|Any CPU.Build.0 = Debug|Any CPU
		{9CC9A5E6-337E-4CA9-A250-ED9BE63A54C1}.Release|Any CPU.ActiveCfg = Release|Any CPU
		{9CC9A5E6-337E-4CA9-A250-ED9BE63A54C1}.Release|Any CPU.Build.0 = Release|Any CPU
	EndGlobalSection
	GlobalSection(SolutionProperties) = preSolution
		HideSolutionNode = FALSE
	EndGlobalSection
	GlobalSection(ExtensibilityGlobals) = postSolution
		SolutionGuid = {D38211AC-2534-4A5E-A8B5-31E88B23839A}
	EndGlobalSection
EndGlobal
